
Microsoft Visual Studio Solution File, Format Version 12.00
# Visual Studio 15
VisualStudioVersion = 15.0.28307.329
MinimumVisualStudioVersion = 10.0.40219.1
Project("{FAE04EC0-301F-11D3-BF4B-00C04F79EFBC}") = "Task4", "Task4\Task4.csproj", "{8CEDA320-E0B6-4336-AF51-63F01FAAF79B}"
EndProject
Global
	GlobalSection(SolutionConfigurationPlatforms) = preSolution
		Debug|Any CPU = Debug|Any CPU
		Release|Any CPU = Release|Any CPU
	EndGlobalSection
	GlobalSection(ProjectConfigurationPlatforms) = postSolution
		{8CEDA320-E0B6-4336-AF51-63F01FAAF79B}.Debug|Any CPU.ActiveCfg = Debug|Any CPU
		{8CEDA320-E0B6-4336-AF51-63F01FAAF79B}.Debug|Any CPU.Build.0 = Debug|Any CPU
		{8CEDA320-E0B6-4336-AF51-63F01FAAF79B}.Release|Any CPU.ActiveCfg = Release|Any CPU
		{8CEDA320-E0B6-4336-AF51-63F01FAAF79B}.Release|Any CPU.Build.0 = Release|Any CPU
	EndGlobalSection
	GlobalSection(SolutionProperties) = preSolution
		HideSolutionNode = FALSE
	EndGlobalSection
	GlobalSection(ExtensibilityGlobals) = postSolution
		SolutionGuid = {DCC6A1BB-10DF-4678-AF37-9A13F35B66DD}
	EndGlobalSection
EndGlobal
